// !$*UTF8*$!
{
	archiveVersion = 1;
	classes = {
	};
	objectVersion = 46;
	objects = {

/* Begin PBXBuildFile section */
		2F34608E1C473D4100F27684 /* MyFramework.framework in Frameworks */ = {isa = PBXBuildFile; fileRef = 2F34608D1C473D4100F27684 /* MyFramework.framework */; };
		2F52CAC51BC6704B0022FA88 /* main.m in Sources */ = {isa = PBXBuildFile; fileRef = 2F52CAC41BC6704B0022FA88 /* main.m */; };
		2F52CAC81BC6704B0022FA88 /* AppDelegate.m in Sources */ = {isa = PBXBuildFile; fileRef = 2F52CAC71BC6704B0022FA88 /* AppDelegate.m */; };
		2F52CACB1BC6704B0022FA88 /* ViewController.m in Sources */ = {isa = PBXBuildFile; fileRef = 2F52CACA1BC6704B0022FA88 /* ViewController.m */; };
		2F52CACE1BC6704B0022FA88 /* Main.storyboard in Resources */ = {isa = PBXBuildFile; fileRef = 2F52CACC1BC6704B0022FA88 /* Main.storyboard */; };
		2F52CAD01BC6704B0022FA88 /* Images.xcassets in Resources */ = {isa = PBXBuildFile; fileRef = 2F52CACF1BC6704B0022FA88 /* Images.xcassets */; };
		2F52CAD31BC6704B0022FA88 /* LaunchScreen.xib in Resources */ = {isa = PBXBuildFile; fileRef = 2F52CAD11BC6704B0022FA88 /* LaunchScreen.xib */; };
		2F52CADF1BC6704C0022FA88 /* text4Tests.m in Sources */ = {isa = PBXBuildFile; fileRef = 2F52CADE1BC6704C0022FA88 /* text4Tests.m */; };
		2F5D73151C86C4A300A11FCF /* MyViewController.m in Sources */ = {isa = PBXBuildFile; fileRef = 2F5D73141C86C4A300A11FCF /* MyViewController.m */; };
		2F61C3751C07F11C006164B1 /* sheep.jpg in Resources */ = {isa = PBXBuildFile; fileRef = 2F61C3731C07F11C006164B1 /* sheep.jpg */; };
		2F61C3761C07F11C006164B1 /* back.jpg in Resources */ = {isa = PBXBuildFile; fileRef = 2F61C3741C07F11C006164B1 /* back.jpg */; };
/* End PBXBuildFile section */

/* Begin PBXContainerItemProxy section */
		2F52CAD91BC6704C0022FA88 /* PBXContainerItemProxy */ = {
			isa = PBXContainerItemProxy;
			containerPortal = 2F52CAB71BC6704B0022FA88 /* Project object */;
			proxyType = 1;
			remoteGlobalIDString = 2F52CABE1BC6704B0022FA88;
			remoteInfo = text4;
		};
/* End PBXContainerItemProxy section */

/* Begin PBXFileReference section */
		2F34608D1C473D4100F27684 /* MyFramework.framework */ = {isa = PBXFileReference; lastKnownFileType = wrapper.framework; path = MyFramework.framework; sourceTree = "<group>"; };
		2F52CABF1BC6704B0022FA88 /* text4.app */ = {isa = PBXFileReference; explicitFileType = wrapper.application; includeInIndex = 0; path = text4.app; sourceTree = BUILT_PRODUCTS_DIR; };
		2F52CAC31BC6704B0022FA88 /* Info.plist */ = {isa = PBXFileReference; lastKnownFileType = text.plist.xml; path = Info.plist; sourceTree = "<group>"; };
		2F52CAC41BC6704B0022FA88 /* main.m */ = {isa = PBXFileReference; lastKnownFileType = sourcecode.c.objc; path = main.m; sourceTree = "<group>"; };
		2F52CAC61BC6704B0022FA88 /* AppDelegate.h */ = {isa = PBXFileReference; lastKnownFileType = sourcecode.c.h; path = AppDelegate.h; sourceTree = "<group>"; };
		2F52CAC71BC6704B0022FA88 /* AppDelegate.m */ = {isa = PBXFileReference; lastKnownFileType = sourcecode.c.objc; path = AppDelegate.m; sourceTree = "<group>"; };
		2F52CAC91BC6704B0022FA88 /* ViewController.h */ = {isa = PBXFileReference; lastKnownFileType = sourcecode.c.h; path = ViewController.h; sourceTree = "<group>"; };
		2F52CACA1BC6704B0022FA88 /* ViewController.m */ = {isa = PBXFileReference; lastKnownFileType = sourcecode.c.objc; path = ViewController.m; sourceTree = "<group>"; };
		2F52CACD1BC6704B0022FA88 /* Base */ = {isa = PBXFileReference; lastKnownFileType = file.storyboard; name = Base; path = Base.lproj/Main.storyboard; sourceTree = "<group>"; };
		2F52CACF1BC6704B0022FA88 /* Images.xcassets */ = {isa = PBXFileReference; lastKnownFileType = folder.assetcatalog; path = Images.xcassets; sourceTree = "<group>"; };
		2F52CAD21BC6704B0022FA88 /* Base */ = {isa = PBXFileReference; lastKnownFileType = file.xib; name = Base; path = Base.lproj/LaunchScreen.xib; sourceTree = "<group>"; };
		2F52CAD81BC6704C0022FA88 /* text4Tests.xctest */ = {isa = PBXFileReference; explicitFileType = wrapper.cfbundle; includeInIndex = 0; path = text4Tests.xctest; sourceTree = BUILT_PRODUCTS_DIR; };
		2F52CADD1BC6704C0022FA88 /* Info.plist */ = {isa = PBXFileReference; lastKnownFileType = text.plist.xml; path = Info.plist; sourceTree = "<group>"; };
		2F52CADE1BC6704C0022FA88 /* text4Tests.m */ = {isa = PBXFileReference; lastKnownFileType = sourcecode.c.objc; path = text4Tests.m; sourceTree = "<group>"; };
		2F5D73131C86C4A300A11FCF /* MyViewController.h */ = {isa = PBXFileReference; fileEncoding = 4; lastKnownFileType = sourcecode.c.h; path = MyViewController.h; sourceTree = "<group>"; };
		2F5D73141C86C4A300A11FCF /* MyViewController.m */ = {isa = PBXFileReference; fileEncoding = 4; lastKnownFileType = sourcecode.c.objc; path = MyViewController.m; sourceTree = "<group>"; };
		2F61C3731C07F11C006164B1 /* sheep.jpg */ = {isa = PBXFileReference; lastKnownFileType = image.jpeg; path = sheep.jpg; sourceTree = "<group>"; };
		2F61C3741C07F11C006164B1 /* back.jpg */ = {isa = PBXFileReference; lastKnownFileType = image.jpeg; path = back.jpg; sourceTree = "<group>"; };
/* End PBXFileReference section */

/* Begin PBXFrameworksBuildPhase section */
		2F52CABC1BC6704B0022FA88 /* Frameworks */ = {
			isa = PBXFrameworksBuildPhase;
			buildActionMask = 2147483647;
			files = (
				2F34608E1C473D4100F27684 /* MyFramework.framework in Frameworks */,
			);
			runOnlyForDeploymentPostprocessing = 0;
		};
		2F52CAD51BC6704C0022FA88 /* Frameworks */ = {
			isa = PBXFrameworksBuildPhase;
			buildActionMask = 2147483647;
			files = (
			);
			runOnlyForDeploymentPostprocessing = 0;
		};
/* End PBXFrameworksBuildPhase section */

/* Begin PBXGroup section */
		2F52CAB61BC6704B0022FA88 = {
			isa = PBXGroup;
			children = (
				2F52CAC11BC6704B0022FA88 /* text4 */,
				2F52CADB1BC6704C0022FA88 /* text4Tests */,
				2F52CAC01BC6704B0022FA88 /* Products */,
			);
			sourceTree = "<group>";
		};
		2F52CAC01BC6704B0022FA88 /* Products */ = {
			isa = PBXGroup;
			children = (
				2F52CABF1BC6704B0022FA88 /* text4.app */,
				2F52CAD81BC6704C0022FA88 /* text4Tests.xctest */,
			);
			name = Products;
			sourceTree = "<group>";
		};
		2F52CAC11BC6704B0022FA88 /* text4 */ = {
			isa = PBXGroup;
			children = (
				2F34608D1C473D4100F27684 /* MyFramework.framework */,
				2F52CAC61BC6704B0022FA88 /* AppDelegate.h */,
				2F52CAC71BC6704B0022FA88 /* AppDelegate.m */,
				2F52CAC91BC6704B0022FA88 /* ViewController.h */,
				2F52CACA1BC6704B0022FA88 /* ViewController.m */,
				2F52CACC1BC6704B0022FA88 /* Main.storyboard */,
				2F52CACF1BC6704B0022FA88 /* Images.xcassets */,
				2F52CAD11BC6704B0022FA88 /* LaunchScreen.xib */,
				2F52CAC21BC6704B0022FA88 /* Supporting Files */,
				2F5D73131C86C4A300A11FCF /* MyViewController.h */,
				2F5D73141C86C4A300A11FCF /* MyViewController.m */,
			);
			path = text4;
			sourceTree = "<group>";
		};
		2F52CAC21BC6704B0022FA88 /* Supporting Files */ = {
			isa = PBXGroup;
			children = (
				2F61C3731C07F11C006164B1 /* sheep.jpg */,
				2F61C3741C07F11C006164B1 /* back.jpg */,
				2F52CAC31BC6704B0022FA88 /* Info.plist */,
				2F52CAC41BC6704B0022FA88 /* main.m */,
			);
			name = "Supporting Files";
			sourceTree = "<group>";
		};
		2F52CADB1BC6704C0022FA88 /* text4Tests */ = {
			isa = PBXGroup;
			children = (
				2F52CADE1BC6704C0022FA88 /* text4Tests.m */,
				2F52CADC1BC6704C0022FA88 /* Supporting Files */,
			);
			path = text4Tests;
			sourceTree = "<group>";
		};
		2F52CADC1BC6704C0022FA88 /* Supporting Files */ = {
			isa = PBXGroup;
			children = (
				2F52CADD1BC6704C0022FA88 /* Info.plist */,
			);
			name = "Supporting Files";
			sourceTree = "<group>";
		};
/* End PBXGroup section */

/* Begin PBXNativeTarget section */
		2F52CABE1BC6704B0022FA88 /* text4 */ = {
			isa = PBXNativeTarget;
			buildConfigurationList = 2F52CAE21BC6704C0022FA88 /* Build configuration list for PBXNativeTarget "text4" */;
			buildPhases = (
				2F52CABB1BC6704B0022FA88 /* Sources */,
				2F52CABC1BC6704B0022FA88 /* Frameworks */,
				2F52CABD1BC6704B0022FA88 /* Resources */,
			);
			buildRules = (
			);
			dependencies = (
			);
			name = text4;
			productName = text4;
			productReference = 2F52CABF1BC6704B0022FA88 /* text4.app */;
			productType = "com.apple.product-type.application";
		};
		2F52CAD71BC6704C0022FA88 /* text4Tests */ = {
			isa = PBXNativeTarget;
			buildConfigurationList = 2F52CAE51BC6704C0022FA88 /* Build configuration list for PBXNativeTarget "text4Tests" */;
			buildPhases = (
				2F52CAD41BC6704C0022FA88 /* Sources */,
				2F52CAD51BC6704C0022FA88 /* Frameworks */,
				2F52CAD61BC6704C0022FA88 /* Resources */,
			);
			buildRules = (
			);
			dependencies = (
				2F52CADA1BC6704C0022FA88 /* PBXTargetDependency */,
			);
			name = text4Tests;
			productName = text4Tests;
			productReference = 2F52CAD81BC6704C0022FA88 /* text4Tests.xctest */;
			productType = "com.apple.product-type.bundle.unit-test";
		};
/* End PBXNativeTarget section */

/* Begin PBXProject section */
		2F52CAB71BC6704B0022FA88 /* Project object */ = {
			isa = PBXProject;
			attributes = {
				LastUpgradeCheck = 0640;
				ORGANIZATIONNAME = " 周保勇";
				TargetAttributes = {
					2F52CABE1BC6704B0022FA88 = {
						CreatedOnToolsVersion = 6.4;
					};
					2F52CAD71BC6704C0022FA88 = {
						CreatedOnToolsVersion = 6.4;
						TestTargetID = 2F52CABE1BC6704B0022FA88;
					};
				};
			};
			buildConfigurationList = 2F52CABA1BC6704B0022FA88 /* Build configuration list for PBXProject "text4" */;
			compatibilityVersion = "Xcode 3.2";
			developmentRegion = English;
			hasScannedForEncodings = 0;
			knownRegions = (
				en,
				Base,
			);
			mainGroup = 2F52CAB61BC6704B0022FA88;
			productRefGroup = 2F52CAC01BC6704B0022FA88 /* Products */;
			projectDirPath = "";
			projectRoot = "";
			targets = (
				2F52CABE1BC6704B0022FA88 /* text4 */,
				2F52CAD71BC6704C0022FA88 /* text4Tests */,
			);
		};
/* End PBXProject section */

/* Begin PBXResourcesBuildPhase section */
		2F52CABD1BC6704B0022FA88 /* Resources */ = {
			isa = PBXResourcesBuildPhase;
			buildActionMask = 2147483647;
			files = (
				2F52CACE1BC6704B0022FA88 /* Main.storyboard in Resources */,
				2F61C3761C07F11C006164B1 /* back.jpg in Resources */,
				2F61C3751C07F11C006164B1 /* sheep.jpg in Resources */,
				2F52CAD31BC6704B0022FA88 /* LaunchScreen.xib in Resources */,
				2F52CAD01BC6704B0022FA88 /* Images.xcassets in Resources */,
			);
			runOnlyForDeploymentPostprocessing = 0;
		};
		2F52CAD61BC6704C0022FA88 /* Resources */ = {
			isa = PBXResourcesBuildPhase;
			buildActionMask = 2147483647;
			files = (
			);
			runOnlyForDeploymentPostprocessing = 0;
		};
/* End PBXResourcesBuildPhase section */

/* Begin PBXSourcesBuildPhase section */
		2F52CABB1BC6704B0022FA88 /* Sources */ = {
			isa = PBXSourcesBuildPhase;
			buildActionMask = 2147483647;
			files = (
				2F52CACB1BC6704B0022FA88 /* ViewController.m in Sources */,
				2F52CAC81BC6704B0022FA88 /* AppDelegate.m in Sources */,
				2F5D73151C86C4A300A11FCF /* MyViewController.m in Sources */,
				2F52CAC51BC6704B0022FA88 /* main.m in Sources */,
			);
			runOnlyForDeploymentPostprocessing = 0;
		};
		2F52CAD41BC6704C0022FA88 /* Sources */ = {
			isa = PBXSourcesBuildPhase;
			buildActionMask = 2147483647;
			files = (
				2F52CADF1BC6704C0022FA88 /* text4Tests.m in Sources */,
			);
			runOnlyForDeploymentPostprocessing = 0;
		};
/* End PBXSourcesBuildPhase section */

/* Begin PBXTargetDependency section */
		2F52CADA1BC6704C0022FA88 /* PBXTargetDependency */ = {
			isa = PBXTargetDependency;
			target = 2F52CABE1BC6704B0022FA88 /* text4 */;
			targetProxy = 2F52CAD91BC6704C0022FA88 /* PBXContainerItemProxy */;
		};
/* End PBXTargetDependency section */

/* Begin PBXVariantGroup section */
		2F52CACC1BC6704B0022FA88 /* Main.storyboard */ = {
			isa = PBXVariantGroup;
			children = (
				2F52CACD1BC6704B0022FA88 /* Base */,
			);
			name = Main.storyboard;
			sourceTree = "<group>";
		};
		2F52CAD11BC6704B0022FA88 /* LaunchScreen.xib */ = {
			isa = PBXVariantGroup;
			children = (
				2F52CAD21BC6704B0022FA88 /* Base */,
			);
			name = LaunchScreen.xib;
			sourceTree = "<group>";
		};
/* End PBXVariantGroup section */

/* Begin XCBuildConfiguration section */
		2F52CAE01BC6704C0022FA88 /* Debug */ = {
			isa = XCBuildConfiguration;
			buildSettings = {
				ALWAYS_SEARCH_USER_PATHS = NO;
				CLANG_CXX_LANGUAGE_STANDARD = "gnu++0x";
				CLANG_CXX_LIBRARY = "libc++";
				CLANG_ENABLE_MODULES = YES;
				CLANG_ENABLE_OBJC_ARC = YES;
				CLANG_WARN_BOOL_CONVERSION = YES;
				CLANG_WARN_CONSTANT_CONVERSION = YES;
				CLANG_WARN_DIRECT_OBJC_ISA_USAGE = YES_ERROR;
				CLANG_WARN_EMPTY_BODY = YES;
				CLANG_WARN_ENUM_CONVERSION = YES;
				CLANG_WARN_INT_CONVERSION = YES;
				CLANG_WARN_OBJC_ROOT_CLASS = YES_ERROR;
				CLANG_WARN_UNREACHABLE_CODE = YES;
				CLANG_WARN__DUPLICATE_METHOD_MATCH = YES;
				"CODE_SIGN_IDENTITY[sdk=iphoneos*]" = "iPhone Developer";
				COPY_PHASE_STRIP = NO;
				DEBUG_INFORMATION_FORMAT = "dwarf-with-dsym";
				ENABLE_STRICT_OBJC_MSGSEND = YES;
				GCC_C_LANGUAGE_STANDARD = gnu99;
				GCC_DYNAMIC_NO_PIC = NO;
				GCC_NO_COMMON_BLOCKS = YES;
				GCC_OPTIMIZATION_LEVEL = 0;
				GCC_PREPROCESSOR_DEFINITIONS = (
					"DEBUG=1",
					"$(inherited)",
				);
				GCC_SYMBOLS_PRIVATE_EXTERN = NO;
				GCC_WARN_64_TO_32_BIT_CONVERSION = YES;
				GCC_WARN_ABOUT_RETURN_TYPE = YES_ERROR;
				GCC_WARN_UNDECLARED_SELECTOR = YES;
				GCC_WARN_UNINITIALIZED_AUTOS = YES_AGGRESSIVE;
				GCC_WARN_UNUSED_FUNCTION = YES;
				GCC_WARN_UNUSED_VARIABLE = YES;
				IPHONEOS_DEPLOYMENT_TARGET = 7.0;
				MTL_ENABLE_DEBUG_INFO = YES;
				ONLY_ACTIVE_ARCH = YES;
				SDKROOT = iphoneos;
			};
			name = Debug;
		};
		2F52CAE11BC6704C0022FA88 /* Release */ = {
			isa = XCBuildConfiguration;
			buildSettings = {
				ALWAYS_SEARCH_USER_PATHS = NO;
				CLANG_CXX_LANGUAGE_STANDARD = "gnu++0x";
				CLANG_CXX_LIBRARY = "libc++";
				CLANG_ENABLE_MODULES = YES;
				CLANG_ENABLE_OBJC_ARC = YES;
				CLANG_WARN_BOOL_CONVERSION = YES;
				CLANG_WARN_CONSTANT_CONVERSION = YES;
				CLANG_WARN_DIRECT_OBJC_ISA_USAGE = YES_ERROR;
				CLANG_WARN_EMPTY_BODY = YES;
				CLANG_WARN_ENUM_CONVERSION = YES;
				CLANG_WARN_INT_CONVERSION = YES;
				CLANG_WARN_OBJC_ROOT_CLASS = YES_ERROR;
				CLANG_WARN_UNREACHABLE_CODE = YES;
				CLANG_WARN__DUPLICATE_METHOD_MATCH = YES;
				"CODE_SIGN_IDENTITY[sdk=iphoneos*]" = "iPhone Developer";
				COPY_PHASE_STRIP = NO;
				DEBUG_INFORMATION_FORMAT = "dwarf-with-dsym";
				ENABLE_NS_ASSERTIONS = NO;
				ENABLE_STRICT_OBJC_MSGSEND = YES;
				GCC_C_LANGUAGE_STANDARD = gnu99;
				GCC_NO_COMMON_BLOCKS = YES;
				GCC_WARN_64_TO_32_BIT_CONVERSION = YES;
				GCC_WARN_ABOUT_RETURN_TYPE = YES_ERROR;
				GCC_WARN_UNDECLARED_SELECTOR = YES;
				GCC_WARN_UNINITIALIZED_AUTOS = YES_AGGRESSIVE;
				GCC_WARN_UNUSED_FUNCTION = YES;
				GCC_WARN_UNUSED_VARIABLE = YES;
				IPHONEOS_DEPLOYMENT_TARGET = 7.0;
				MTL_ENABLE_DEBUG_INFO = NO;
				SDKROOT = iphoneos;
				VALIDATE_PRODUCT = YES;
			};
			name = Release;
		};
		2F52CAE31BC6704C0022FA88 /* Debug */ = {
			isa = XCBuildConfiguration;
			buildSettings = {
				ASSETCATALOG_COMPILER_APPICON_NAME = AppIcon;
				ASSETCATALOG_COMPILER_LAUNCHIMAGE_NAME = LaunchImage;
				FRAMEWORK_SEARCH_PATHS = (
					"$(inherited)",
					"$(PROJECT_DIR)/text4",
					"$(PROJECT_DIR)",
				);
				INFOPLIST_FILE = text4/Info.plist;
				LD_RUNPATH_SEARCH_PATHS = "$(inherited) @executable_path/Frameworks";
				PRODUCT_NAME = "$(TARGET_NAME)";
			};
			name = Debug;
		};
		2F52CAE41BC6704C0022FA88 /* Release */ = {
			isa = XCBuildConfiguration;
			buildSettings = {
				ASSETCATALOG_COMPILER_APPICON_NAME = AppIcon;
				ASSETCATALOG_COMPILER_LAUNCHIMAGE_NAME = LaunchImage;
				FRAMEWORK_SEARCH_PATHS = (
					"$(inherited)",
					"$(PROJECT_DIR)/text4",
					"$(PROJECT_DIR)",
				);
				INFOPLIST_FILE = text4/Info.plist;
				LD_RUNPATH_SEARCH_PATHS = "$(inherited) @executable_path/Frameworks";
				PRODUCT_NAME = "$(TARGET_NAME)";
			};
			name = Release;
		};
		2F52CAE61BC6704C0022FA88 /* Debug */ = {
			isa = XCBuildConfiguration;
			buildSettings = {
				BUNDLE_LOADER = "$(TEST_HOST)";
				FRAMEWORK_SEARCH_PATHS = (
					"$(SDKROOT)/Developer/Library/Frameworks",
					"$(inherited)",
				);
				GCC_PREPROCESSOR_DEFINITIONS = (
					"DEBUG=1",
					"$(inherited)",
				);
				INFOPLIST_FILE = text4Tests/Info.plist;
				LD_RUNPATH_SEARCH_PATHS = "$(inherited) @executable_path/Frameworks @loader_path/Frameworks";
				PRODUCT_NAME = "$(TARGET_NAME)";
				TEST_HOST = "$(BUILT_PRODUCTS_DIR)/text4.app/text4";
			};
			name = Debug;
		};
		2F52CAE71BC6704C0022FA88 /* Release */ = {
			isa = XCBuildConfiguration;
			buildSettings = {
				BUNDLE_LOADER = "$(TEST_HOST)";
				FRAMEWORK_SEARCH_PATHS = (
					"$(SDKROOT)/Developer/Library/Frameworks",
					"$(inherited)",
				);
				INFOPLIST_FILE = text4Tests/Info.plist;
				LD_RUNPATH_SEARCH_PATHS = "$(inherited) @executable_path/Frameworks @loader_path/Frameworks";
				PRODUCT_NAME = "$(TARGET_NAME)";
				TEST_HOST = "$(BUILT_PRODUCTS_DIR)/text4.app/text4";
			};
			name = Release;
		};
/* End XCBuildConfiguration section */

/* Begin XCConfigurationList section */
		2F52CABA1BC6704B0022FA88 /* Build configuration list for PBXProject "text4" */ = {
			isa = XCConfigurationList;
			buildConfigurations = (
				2F52CAE01BC6704C0022FA88 /* Debug */,
				2F52CAE11BC6704C0022FA88 /* Release */,
			);
			defaultConfigurationIsVisible = 0;
			defaultConfigurationName = Release;
		};
		2F52CAE21BC6704C0022FA88 /* Build configuration list for PBXNativeTarget "text4" */ = {
			isa = XCConfigurationList;
			buildConfigurations = (
				2F52CAE31BC6704C0022FA88 /* Debug */,
				2F52CAE41BC6704C0022FA88 /* Release */,
			);
			defaultConfigurationIsVisible = 0;
			defaultConfigurationName = Release;
		};
		2F52CAE51BC6704C0022FA88 /* Build configuration list for PBXNativeTarget "text4Tests" */ = {
			isa = XCConfigurationList;
			buildConfigurations = (
				2F52CAE61BC6704C0022FA88 /* Debug */,
				2F52CAE71BC6704C0022FA88 /* Release */,
			);
			defaultConfigurationIsVisible = 0;
			defaultConfigurationName = Release;
		};
/* End XCConfigurationList section */
	};
	rootObject = 2F52CAB71BC6704B0022FA88 /* Project object */;
}
